Microsoft Visual Studio Solution File, Format Version 12.00
# Visual Studio Version 17
VisualStudioVersion = 17.6.33815.320
MinimumVisualStudioVersion = 10.0.40219.1
Project("{2150E333-8FDC-42A3-9474-1A3956D46DE8}") = "Solution Items", "Solution Items", "{B6CC5ED1-A990-4AC7-89C7-B0F62FFEEC26}"
	ProjectSection(SolutionItems) = preProject
		.editorconfig = .editorconfig
		Analyzers.ruleset = Analyzers.ruleset
		bleach.ps1 = bleach.ps1
		COPYRIGHT.md = COPYRIGHT.md
		dh-portal.ps1 = dh-portal.ps1
		dotnet-upgrade.ps1 = dotnet-upgrade.ps1
		gen-all-settings.ps1 = gen-all-settings.ps1
		global.json = global.json
		LICENSE.md = LICENSE.md
		nuget.config = nuget.config
		README.md = README.md
		stylecop.json = stylecop.json
	EndProjectSection
EndProject
Project("{2150E333-8FDC-42A3-9474-1A3956D46DE8}") = "src", "src", "{48CAB0F7-CFCC-443B-B71D-E015878CE5B7}"
EndProject
Project("{2150E333-8FDC-42A3-9474-1A3956D46DE8}") = "ResourceProvisioner", "ResourceProvisioner", "{A3E0CF47-6B1D-41C1-B1A4-B4A92985E05F}"
	ProjectSection(SolutionItems) = preProject
		ResourceProvisioner\template.settings.json = ResourceProvisioner\template.settings.json
	EndProjectSection
EndProject
Project("{2150E333-8FDC-42A3-9474-1A3956D46DE8}") = "test", "test", "{40919C7D-5119-4821-9E51-96141E058E04}"
EndProject
Project("{9A19103F-16F7-4668-BE54-9A1E7A4F7556}") = "ResourceProvisioner.Application.IntegrationTests", "ResourceProvisioner\test\ResourceProvisioner.Application.IntegrationTests\ResourceProvisioner.Application.IntegrationTests.csproj", "{E94EF665-2394-4C18-82F2-9150D0801CDE}"
EndProject
Project("{9A19103F-16F7-4668-BE54-9A1E7A4F7556}") = "ResourceProvisioner.Application.UnitTests", "ResourceProvisioner\test\ResourceProvisioner.Application.UnitTests\ResourceProvisioner.Application.UnitTests.csproj", "{EAADD301-947A-41AB-8036-BBB6B960C4FF}"
EndProject
Project("{9A19103F-16F7-4668-BE54-9A1E7A4F7556}") = "ResourceProvisioner.Domain.UnitTests", "ResourceProvisioner\test\ResourceProvisioner.Domain.UnitTests\ResourceProvisioner.Domain.UnitTests.csproj", "{E73E776F-8787-40D3-B1EC-D97E29069945}"
EndProject
Project("{9A19103F-16F7-4668-BE54-9A1E7A4F7556}") = "ResourceProvisioner.Infrastructure.UnitTests", "ResourceProvisioner\test\ResourceProvisioner.Infrastructure.UnitTests\ResourceProvisioner.Infrastructure.UnitTests.csproj", "{AA32ADBD-EA7E-4849-AEB2-5BB19844B326}"
EndProject
Project("{9A19103F-16F7-4668-BE54-9A1E7A4F7556}") = "ResourceProvisioner.API", "ResourceProvisioner\src\ResourceProvisioner.API\ResourceProvisioner.API.csproj", "{2C3C6AD3-F329-4A20-BAC6-3F12B9B48F32}"
EndProject
Project("{9A19103F-16F7-4668-BE54-9A1E7A4F7556}") = "ResourceProvisioner.Application", "ResourceProvisioner\src\ResourceProvisioner.Application\ResourceProvisioner.Application.csproj", "{FB5038B6-DF75-4167-8FB7-FDA3E5D9488E}"
EndProject
Project("{9A19103F-16F7-4668-BE54-9A1E7A4F7556}") = "ResourceProvisioner.Domain", "ResourceProvisioner\src\ResourceProvisioner.Domain\ResourceProvisioner.Domain.csproj", "{CF8DE3C8-8B81-4569-8075-AAD80B478B5F}"
EndProject
Project("{9A19103F-16F7-4668-BE54-9A1E7A4F7556}") = "ResourceProvisioner.Infrastructure", "ResourceProvisioner\src\ResourceProvisioner.Infrastructure\ResourceProvisioner.Infrastructure.csproj", "{C2913060-0D92-4094-AEED-5D5DF2646CFD}"
EndProject
Project("{9A19103F-16F7-4668-BE54-9A1E7A4F7556}") = "ResourceProvisioner.Functions", "ResourceProvisioner\src\ResourceProvisioner.Functions\ResourceProvisioner.Functions.csproj", "{33C6B018-24B5-453F-973F-6412331C7921}"
EndProject
Project("{2150E333-8FDC-42A3-9474-1A3956D46DE8}") = "Portal", "Portal", "{BBA6CF1B-6BDA-4363-9641-2E4A4E43D321}"
	ProjectSection(SolutionItems) = preProject
		Portal\template.settings.json = Portal\template.settings.json
	EndProjectSection
EndProject
Project("{2150E333-8FDC-42A3-9474-1A3956D46DE8}") = "src", "src", "{1D47C4BD-D2D8-42C4-83F4-282F0DD38CE5}"
EndProject
Project("{2150E333-8FDC-42A3-9474-1A3956D46DE8}") = "test", "test", "{47D68FB0-47FE-485D-AE94-00C48643721E}"
EndProject
Project("{2150E333-8FDC-42A3-9474-1A3956D46DE8}") = "utils", "utils", "{73AC16BF-F514-4081-8C74-63C6399260E0}"
EndProject
Project("{9A19103F-16F7-4668-BE54-9A1E7A4F7556}") = "CatalogIngestTool", "Portal\utils\CatalogIngestTool\CatalogIngestTool.csproj", "{7CAA042A-AA21-44BD-A0F8-0E89CD651B33}"
EndProject
Project("{9A19103F-16F7-4668-BE54-9A1E7A4F7556}") = "JsonTranslator", "Portal\utils\JsonTranslator\JsonTranslator.csproj", "{297AA1C7-6026-46B7-A494-B974E6663F94}"
EndProject
Project("{9A19103F-16F7-4668-BE54-9A1E7A4F7556}") = "SyncDbUsers", "Portal\utils\SyncDbUsers\SyncDbUsers.csproj", "{346091EA-1E82-4220-9387-C181BF5E1019}"
EndProject
Project("{9A19103F-16F7-4668-BE54-9A1E7A4F7556}") = "Datahub.Tests", "Portal\test\Datahub.Tests\Datahub.Tests.csproj", "{693C3DC6-CF30-4942-80EA-EEC8ABB87DD3}"
EndProject
Project("{9A19103F-16F7-4668-BE54-9A1E7A4F7556}") = "Datahub.CatalogSearch", "Portal\src\Datahub.CatalogSearch\Datahub.CatalogSearch.csproj", "{213E0A3B-D933-4E81-AFD5-AA2D0B1CC3F8}"
EndProject
Project("{9A19103F-16F7-4668-BE54-9A1E7A4F7556}") = "Datahub.Core", "Portal\src\Datahub.Core\Datahub.Core.csproj", "{6C2D8F35-4EFA-4474-9973-FE6B2881E59A}"
EndProject
Project("{9A19103F-16F7-4668-BE54-9A1E7A4F7556}") = "SyncDBUsersConsole", "Portal\utils\SyncDBUsersConsole\SyncDBUsersConsole.csproj", "{053A3E9E-A3A4-4207-88F3-983E9EA328B2}"
EndProject
Project("{9A19103F-16F7-4668-BE54-9A1E7A4F7556}") = "Datahub.Metadata", "Portal\src\Datahub.Metadata\Datahub.Metadata.csproj", "{3D42FAE1-4B4B-4F62-9013-488B0790090B}"
EndProject
Project("{9A19103F-16F7-4668-BE54-9A1E7A4F7556}") = "Datahub.Portal", "Portal\src\Datahub.Portal\Datahub.Portal.csproj", "{320C7542-9DD3-499E-ACB9-E7891459E64D}"
EndProject
Project("{9A19103F-16F7-4668-BE54-9A1E7A4F7556}") = "Datahub.Portal.Metadata", "Portal\src\Datahub.Portal.Metadata\Datahub.Portal.Metadata.csproj", "{8413A25E-635D-4052-94A8-5CA94686FA4E}"
EndProject
Project("{2150E333-8FDC-42A3-9474-1A3956D46DE8}") = "infra", "infra", "{F3058DB1-40C9-40AA-805D-06B3D88B4AC7}"
	ProjectSection(SolutionItems) = preProject
		infra\azure-pipelines-forms.yml = infra\azure-pipelines-forms.yml
		infra\azure-pipelines-prd.yml = infra\azure-pipelines-prd.yml
		infra\azure-pipelines-spdatahub-slot.yml = infra\azure-pipelines-spdatahub-slot.yml
		infra\azure-pipelines-spdatahub.yml = infra\azure-pipelines-spdatahub.yml
		infra\azure-pipelines-tst.yml = infra\azure-pipelines-tst.yml
		infra\azure-pipelines.yml = infra\azure-pipelines.yml
		infra\build-pipelines.yml = infra\build-pipelines.yml
	EndProjectSection
EndProject
Project("{2150E333-8FDC-42A3-9474-1A3956D46DE8}") = "scripts", "scripts", "{A8C709D8-8A40-45E3-BB40-2549AFECE6E6}"
	ProjectSection(SolutionItems) = preProject
		scripts\appsettings.psm1 = scripts\appsettings.psm1
		bleach.ps1 = bleach.ps1
		scripts\ConfigureAZCert.ps1 = scripts\ConfigureAZCert.ps1
		scripts\find-translations.ps1 = scripts\find-translations.ps1
		scripts\fix_CS8981.ps1 = scripts\fix_CS8981.ps1
		scripts\initLocalDev.ps1 = scripts\initLocalDev.ps1
		scripts\merge_fork.ps1 = scripts\merge_fork.ps1
	EndProjectSection
EndProject
Project("{9A19103F-16F7-4668-BE54-9A1E7A4F7556}") = "Datahub.Specs", "Portal\test\Datahub.Specs\Datahub.Specs.csproj", "{D07C3009-6F0F-486D-91E1-0084B4B4FF46}"
EndProject
Project("{2150E333-8FDC-42A3-9474-1A3956D46DE8}") = "Shared", "Shared", "{2E97B44B-1A99-41C1-8F25-EED4740A3ED9}"
EndProject
Project("{2150E333-8FDC-42A3-9474-1A3956D46DE8}") = "src", "src", "{839AFC95-740D-4C44-8F05-254250306841}"
EndProject
Project("{D954291E-2A0B-460D-934E-DC6B0785DB48}") = "Datahub.Shared", "Shared\src\Datahub.Shared\Datahub.Shared.shproj", "{79DA8E04-5655-493A-80E4-37A07FBEC90E}"
EndProject
Project("{9A19103F-16F7-4668-BE54-9A1E7A4F7556}") = "SyncDocs", "Portal\utils\SyncDocs\SyncDocs.csproj", "{57703CEC-08B9-40B8-B5E2-064A196B1587}"
EndProject
Project("{9A19103F-16F7-4668-BE54-9A1E7A4F7556}") = "Datahub.Application", "Portal\src\Datahub.Application\Datahub.Application.csproj", "{29F1349F-4415-4725-A562-2DD59F5C14A9}"
EndProject
Project("{9A19103F-16F7-4668-BE54-9A1E7A4F7556}") = "Datahub.Infrastructure", "Portal\src\Datahub.Infrastructure\Datahub.Infrastructure.csproj", "{BEA40233-6741-43AE-BA63-8D1ADA261420}"
EndProject
Project("{9A19103F-16F7-4668-BE54-9A1E7A4F7556}") = "Datahub.Infrastructure.UnitTests", "Portal\test\Datahub.Infrastructure.UnitTests\Datahub.Infrastructure.UnitTests.csproj", "{8DAF4132-5D66-4B90-953A-5B00F2F75BA4}"
EndProject
Project("{9A19103F-16F7-4668-BE54-9A1E7A4F7556}") = "SyncLocalization", "SyncLocalization\SyncLocalization.csproj", "{78416465-E37B-4DB5-B96B-99E45581A0EE}"
EndProject
Project("{9A19103F-16F7-4668-BE54-9A1E7A4F7556}") = "Datahub.Maintenance", "Portal\src\Datahub.Maintenance\Datahub.Maintenance.csproj", "{5FB450AC-5E50-46A8-B454-EAD8ACD24FC6}"
EndProject
Project("{2150E333-8FDC-42A3-9474-1A3956D46DE8}") = "Desktop", "Desktop", "{8B889747-F089-4150-AC80-FCAE5FA33571}"
EndProject
Project("{9A19103F-16F7-4668-BE54-9A1E7A4F7556}") = "Desktop.Uploader", "Desktop\Desktop.Uploader\Desktop.Uploader.csproj", "{99E69964-BB4A-4830-9C4D-6E1608356EC4}"
EndProject
Project("{D954291E-2A0B-460D-934E-DC6B0785DB48}") = "Desktop.SharedCode", "Desktop\Desktop.SharedCode\Desktop.SharedCode.shproj", "{C694124A-399C-4FD6-B795-D9ACE5EBECDC}"
EndProject
Project("{9A19103F-16F7-4668-BE54-9A1E7A4F7556}") = "Datahub.Markdown", "Shared\src\Datahub.Markdown\Datahub.Markdown.csproj", "{819408C3-1962-4642-9971-51A1BCCE61FF}"
EndProject
Project("{9A19103F-16F7-4668-BE54-9A1E7A4F7556}") = "Datahub.Infrastructure.Offline", "Portal\src\Datahub.Infrastructure.Offline\Datahub.Infrastructure.Offline.csproj", "{E84F619D-E105-4E1A-BD92-DF22DDAE966F}"
EndProject
Project("{9A19103F-16F7-4668-BE54-9A1E7A4F7556}") = "Datahub.SpecflowTests", "Portal\test\Datahub.SpecflowTests\Datahub.SpecflowTests.csproj", "{D84C8789-E77F-438A-A0B6-7DB1695B9C17}"
EndProject
Project("{9A19103F-16F7-4668-BE54-9A1E7A4F7556}") = "ResourceProvisioner.SpecflowTests", "ResourceProvisioner\test\ResourceProvisioner.SpecflowTests\ResourceProvisioner.SpecflowTests.csproj", "{212B26FF-4BBB-489C-B6EF-DDDC0D3ABE6B}"
EndProject
Project("{9A19103F-16F7-4668-BE54-9A1E7A4F7556}") = "Datahub.MissingTranslations", "Portal\utils\Datahub.MissingTranslations\Datahub.MissingTranslations.csproj", "{94807A1E-AC4C-4C56-90D4-9D8889EA2FCA}"
EndProject
Project("{2150E333-8FDC-42A3-9474-1A3956D46DE8}") = "ServerlessOperations", "ServerlessOperations", "{0A20EC69-1E3C-498F-B989-89CAF316CE06}"
	ProjectSection(SolutionItems) = preProject
		ServerlessOperations\template.settings.json = ServerlessOperations\template.settings.json
	EndProjectSection
EndProject
Project("{2150E333-8FDC-42A3-9474-1A3956D46DE8}") = "src", "src", "{8620F501-1D36-439E-9BF0-3BBEFB84DC56}"
EndProject
Project("{9A19103F-16F7-4668-BE54-9A1E7A4F7556}") = "Datahub.Functions", "ServerlessOperations\src\Datahub.Functions\Datahub.Functions.csproj", "{C26C43E3-D518-4E62-9FB5-A537E16AF543}"
EndProject
Project("{2150E333-8FDC-42A3-9474-1A3956D46DE8}") = "test", "test", "{12002871-163E-49CD-93DE-FBED9F5573E1}"
EndProject
Project("{9A19103F-16F7-4668-BE54-9A1E7A4F7556}") = "Datahub.Functions.UnitTests", "ServerlessOperations\test\Datahub.Functions.UnitTests\Datahub.Functions.UnitTests.csproj", "{53C2E55C-7BF1-477E-B12A-05A3CAD9B39A}"
EndProject
Project("{FAE04EC0-301F-11D3-BF4B-00C04F79EFBC}") = "Datahub.Functions.Domain", "ServerlessOperations\src\Datahub.Functions.Domain\Datahub.Functions.Domain.csproj", "{DB462B58-CFC4-4AEE-920E-AA308F14029C}"
EndProject
Global
	GlobalSection(SolutionConfigurationPlatforms) = preSolution
		Debug|Any CPU = Debug|Any CPU
		Release|Any CPU = Release|Any CPU
	EndGlobalSection
	GlobalSection(ProjectConfigurationPlatforms) = postSolution
		{E94EF665-2394-4C18-82F2-9150D0801CDE}.Debug|Any CPU.ActiveCfg = Debug|Any CPU
		{E94EF665-2394-4C18-82F2-9150D0801CDE}.Debug|Any CPU.Build.0 = Debug|Any CPU
		{E94EF665-2394-4C18-82F2-9150D0801CDE}.Release|Any CPU.ActiveCfg = Release|Any CPU
		{E94EF665-2394-4C18-82F2-9150D0801CDE}.Release|Any CPU.Build.0 = Release|Any CPU
		{EAADD301-947A-41AB-8036-BBB6B960C4FF}.Debug|Any CPU.ActiveCfg = Debug|Any CPU
		{EAADD301-947A-41AB-8036-BBB6B960C4FF}.Debug|Any CPU.Build.0 = Debug|Any CPU
		{EAADD301-947A-41AB-8036-BBB6B960C4FF}.Release|Any CPU.ActiveCfg = Release|Any CPU
		{EAADD301-947A-41AB-8036-BBB6B960C4FF}.Release|Any CPU.Build.0 = Release|Any CPU
		{E73E776F-8787-40D3-B1EC-D97E29069945}.Debug|Any CPU.ActiveCfg = Debug|Any CPU
		{E73E776F-8787-40D3-B1EC-D97E29069945}.Debug|Any CPU.Build.0 = Debug|Any CPU
		{E73E776F-8787-40D3-B1EC-D97E29069945}.Release|Any CPU.ActiveCfg = Release|Any CPU
		{E73E776F-8787-40D3-B1EC-D97E29069945}.Release|Any CPU.Build.0 = Release|Any CPU
		{AA32ADBD-EA7E-4849-AEB2-5BB19844B326}.Debug|Any CPU.ActiveCfg = Debug|Any CPU
		{AA32ADBD-EA7E-4849-AEB2-5BB19844B326}.Debug|Any CPU.Build.0 = Debug|Any CPU
		{AA32ADBD-EA7E-4849-AEB2-5BB19844B326}.Release|Any CPU.ActiveCfg = Release|Any CPU
		{AA32ADBD-EA7E-4849-AEB2-5BB19844B326}.Release|Any CPU.Build.0 = Release|Any CPU
		{2C3C6AD3-F329-4A20-BAC6-3F12B9B48F32}.Debug|Any CPU.ActiveCfg = Debug|Any CPU
		{2C3C6AD3-F329-4A20-BAC6-3F12B9B48F32}.Debug|Any CPU.Build.0 = Debug|Any CPU
		{2C3C6AD3-F329-4A20-BAC6-3F12B9B48F32}.Release|Any CPU.ActiveCfg = Release|Any CPU
		{2C3C6AD3-F329-4A20-BAC6-3F12B9B48F32}.Release|Any CPU.Build.0 = Release|Any CPU
		{FB5038B6-DF75-4167-8FB7-FDA3E5D9488E}.Debug|Any CPU.ActiveCfg = Debug|Any CPU
		{FB5038B6-DF75-4167-8FB7-FDA3E5D9488E}.Debug|Any CPU.Build.0 = Debug|Any CPU
		{FB5038B6-DF75-4167-8FB7-FDA3E5D9488E}.Release|Any CPU.ActiveCfg = Release|Any CPU
		{FB5038B6-DF75-4167-8FB7-FDA3E5D9488E}.Release|Any CPU.Build.0 = Release|Any CPU
		{CF8DE3C8-8B81-4569-8075-AAD80B478B5F}.Debug|Any CPU.ActiveCfg = Debug|Any CPU
		{CF8DE3C8-8B81-4569-8075-AAD80B478B5F}.Debug|Any CPU.Build.0 = Debug|Any CPU
		{CF8DE3C8-8B81-4569-8075-AAD80B478B5F}.Release|Any CPU.ActiveCfg = Release|Any CPU
		{CF8DE3C8-8B81-4569-8075-AAD80B478B5F}.Release|Any CPU.Build.0 = Release|Any CPU
		{C2913060-0D92-4094-AEED-5D5DF2646CFD}.Debug|Any CPU.ActiveCfg = Debug|Any CPU
		{C2913060-0D92-4094-AEED-5D5DF2646CFD}.Debug|Any CPU.Build.0 = Debug|Any CPU
		{C2913060-0D92-4094-AEED-5D5DF2646CFD}.Release|Any CPU.ActiveCfg = Release|Any CPU
		{C2913060-0D92-4094-AEED-5D5DF2646CFD}.Release|Any CPU.Build.0 = Release|Any CPU
		{33C6B018-24B5-453F-973F-6412331C7921}.Debug|Any CPU.ActiveCfg = Debug|Any CPU
		{33C6B018-24B5-453F-973F-6412331C7921}.Debug|Any CPU.Build.0 = Debug|Any CPU
		{33C6B018-24B5-453F-973F-6412331C7921}.Release|Any CPU.ActiveCfg = Release|Any CPU
		{33C6B018-24B5-453F-973F-6412331C7921}.Release|Any CPU.Build.0 = Release|Any CPU
		{7CAA042A-AA21-44BD-A0F8-0E89CD651B33}.Debug|Any CPU.ActiveCfg = Debug|Any CPU
		{7CAA042A-AA21-44BD-A0F8-0E89CD651B33}.Debug|Any CPU.Build.0 = Debug|Any CPU
		{7CAA042A-AA21-44BD-A0F8-0E89CD651B33}.Release|Any CPU.ActiveCfg = Release|Any CPU
		{7CAA042A-AA21-44BD-A0F8-0E89CD651B33}.Release|Any CPU.Build.0 = Release|Any CPU
		{297AA1C7-6026-46B7-A494-B974E6663F94}.Debug|Any CPU.ActiveCfg = Debug|Any CPU
		{297AA1C7-6026-46B7-A494-B974E6663F94}.Debug|Any CPU.Build.0 = Debug|Any CPU
		{297AA1C7-6026-46B7-A494-B974E6663F94}.Release|Any CPU.ActiveCfg = Release|Any CPU
		{297AA1C7-6026-46B7-A494-B974E6663F94}.Release|Any CPU.Build.0 = Release|Any CPU
		{346091EA-1E82-4220-9387-C181BF5E1019}.Debug|Any CPU.ActiveCfg = Debug|Any CPU
		{346091EA-1E82-4220-9387-C181BF5E1019}.Debug|Any CPU.Build.0 = Debug|Any CPU
		{346091EA-1E82-4220-9387-C181BF5E1019}.Release|Any CPU.ActiveCfg = Release|Any CPU
		{346091EA-1E82-4220-9387-C181BF5E1019}.Release|Any CPU.Build.0 = Release|Any CPU
		{693C3DC6-CF30-4942-80EA-EEC8ABB87DD3}.Debug|Any CPU.ActiveCfg = Debug|Any CPU
		{693C3DC6-CF30-4942-80EA-EEC8ABB87DD3}.Debug|Any CPU.Build.0 = Debug|Any CPU
		{693C3DC6-CF30-4942-80EA-EEC8ABB87DD3}.Release|Any CPU.ActiveCfg = Release|Any CPU
		{693C3DC6-CF30-4942-80EA-EEC8ABB87DD3}.Release|Any CPU.Build.0 = Release|Any CPU
		{213E0A3B-D933-4E81-AFD5-AA2D0B1CC3F8}.Debug|Any CPU.ActiveCfg = Debug|Any CPU
		{213E0A3B-D933-4E81-AFD5-AA2D0B1CC3F8}.Debug|Any CPU.Build.0 = Debug|Any CPU
		{213E0A3B-D933-4E81-AFD5-AA2D0B1CC3F8}.Release|Any CPU.ActiveCfg = Release|Any CPU
		{213E0A3B-D933-4E81-AFD5-AA2D0B1CC3F8}.Release|Any CPU.Build.0 = Release|Any CPU
		{6C2D8F35-4EFA-4474-9973-FE6B2881E59A}.Debug|Any CPU.ActiveCfg = Debug|Any CPU
		{6C2D8F35-4EFA-4474-9973-FE6B2881E59A}.Debug|Any CPU.Build.0 = Debug|Any CPU
		{6C2D8F35-4EFA-4474-9973-FE6B2881E59A}.Release|Any CPU.ActiveCfg = Release|Any CPU
		{6C2D8F35-4EFA-4474-9973-FE6B2881E59A}.Release|Any CPU.Build.0 = Release|Any CPU
		{053A3E9E-A3A4-4207-88F3-983E9EA328B2}.Debug|Any CPU.ActiveCfg = Debug|Any CPU
		{053A3E9E-A3A4-4207-88F3-983E9EA328B2}.Debug|Any CPU.Build.0 = Debug|Any CPU
		{053A3E9E-A3A4-4207-88F3-983E9EA328B2}.Release|Any CPU.ActiveCfg = Release|Any CPU
		{053A3E9E-A3A4-4207-88F3-983E9EA328B2}.Release|Any CPU.Build.0 = Release|Any CPU
		{3D42FAE1-4B4B-4F62-9013-488B0790090B}.Debug|Any CPU.ActiveCfg = Debug|Any CPU
		{3D42FAE1-4B4B-4F62-9013-488B0790090B}.Debug|Any CPU.Build.0 = Debug|Any CPU
		{3D42FAE1-4B4B-4F62-9013-488B0790090B}.Release|Any CPU.ActiveCfg = Release|Any CPU
		{3D42FAE1-4B4B-4F62-9013-488B0790090B}.Release|Any CPU.Build.0 = Release|Any CPU
		{320C7542-9DD3-499E-ACB9-E7891459E64D}.Debug|Any CPU.ActiveCfg = Debug|Any CPU
		{320C7542-9DD3-499E-ACB9-E7891459E64D}.Debug|Any CPU.Build.0 = Debug|Any CPU
		{320C7542-9DD3-499E-ACB9-E7891459E64D}.Release|Any CPU.ActiveCfg = Release|Any CPU
		{320C7542-9DD3-499E-ACB9-E7891459E64D}.Release|Any CPU.Build.0 = Release|Any CPU
		{8413A25E-635D-4052-94A8-5CA94686FA4E}.Debug|Any CPU.ActiveCfg = Debug|Any CPU
		{8413A25E-635D-4052-94A8-5CA94686FA4E}.Debug|Any CPU.Build.0 = Debug|Any CPU
		{8413A25E-635D-4052-94A8-5CA94686FA4E}.Release|Any CPU.ActiveCfg = Release|Any CPU
		{8413A25E-635D-4052-94A8-5CA94686FA4E}.Release|Any CPU.Build.0 = Release|Any CPU
		{D07C3009-6F0F-486D-91E1-0084B4B4FF46}.Debug|Any CPU.ActiveCfg = Debug|Any CPU
		{D07C3009-6F0F-486D-91E1-0084B4B4FF46}.Debug|Any CPU.Build.0 = Debug|Any CPU
		{D07C3009-6F0F-486D-91E1-0084B4B4FF46}.Release|Any CPU.ActiveCfg = Release|Any CPU
		{D07C3009-6F0F-486D-91E1-0084B4B4FF46}.Release|Any CPU.Build.0 = Release|Any CPU
		{57703CEC-08B9-40B8-B5E2-064A196B1587}.Debug|Any CPU.ActiveCfg = Debug|Any CPU
		{57703CEC-08B9-40B8-B5E2-064A196B1587}.Debug|Any CPU.Build.0 = Debug|Any CPU
		{57703CEC-08B9-40B8-B5E2-064A196B1587}.Release|Any CPU.ActiveCfg = Release|Any CPU
		{57703CEC-08B9-40B8-B5E2-064A196B1587}.Release|Any CPU.Build.0 = Release|Any CPU
		{29F1349F-4415-4725-A562-2DD59F5C14A9}.Debug|Any CPU.ActiveCfg = Debug|Any CPU
		{29F1349F-4415-4725-A562-2DD59F5C14A9}.Debug|Any CPU.Build.0 = Debug|Any CPU
		{29F1349F-4415-4725-A562-2DD59F5C14A9}.Release|Any CPU.ActiveCfg = Release|Any CPU
		{29F1349F-4415-4725-A562-2DD59F5C14A9}.Release|Any CPU.Build.0 = Release|Any CPU
		{BEA40233-6741-43AE-BA63-8D1ADA261420}.Debug|Any CPU.ActiveCfg = Debug|Any CPU
		{BEA40233-6741-43AE-BA63-8D1ADA261420}.Debug|Any CPU.Build.0 = Debug|Any CPU
		{BEA40233-6741-43AE-BA63-8D1ADA261420}.Release|Any CPU.ActiveCfg = Release|Any CPU
		{BEA40233-6741-43AE-BA63-8D1ADA261420}.Release|Any CPU.Build.0 = Release|Any CPU
		{8DAF4132-5D66-4B90-953A-5B00F2F75BA4}.Debug|Any CPU.ActiveCfg = Debug|Any CPU
		{8DAF4132-5D66-4B90-953A-5B00F2F75BA4}.Debug|Any CPU.Build.0 = Debug|Any CPU
		{8DAF4132-5D66-4B90-953A-5B00F2F75BA4}.Release|Any CPU.ActiveCfg = Release|Any CPU
		{8DAF4132-5D66-4B90-953A-5B00F2F75BA4}.Release|Any CPU.Build.0 = Release|Any CPU
		{78416465-E37B-4DB5-B96B-99E45581A0EE}.Debug|Any CPU.ActiveCfg = Debug|Any CPU
		{78416465-E37B-4DB5-B96B-99E45581A0EE}.Debug|Any CPU.Build.0 = Debug|Any CPU
		{78416465-E37B-4DB5-B96B-99E45581A0EE}.Release|Any CPU.ActiveCfg = Release|Any CPU
		{78416465-E37B-4DB5-B96B-99E45581A0EE}.Release|Any CPU.Build.0 = Release|Any CPU
		{5FB450AC-5E50-46A8-B454-EAD8ACD24FC6}.Debug|Any CPU.ActiveCfg = Debug|Any CPU
		{5FB450AC-5E50-46A8-B454-EAD8ACD24FC6}.Debug|Any CPU.Build.0 = Debug|Any CPU
		{5FB450AC-5E50-46A8-B454-EAD8ACD24FC6}.Release|Any CPU.ActiveCfg = Release|Any CPU
		{5FB450AC-5E50-46A8-B454-EAD8ACD24FC6}.Release|Any CPU.Build.0 = Release|Any CPU
		{99E69964-BB4A-4830-9C4D-6E1608356EC4}.Debug|Any CPU.ActiveCfg = Debug|Any CPU
		{99E69964-BB4A-4830-9C4D-6E1608356EC4}.Debug|Any CPU.Build.0 = Debug|Any CPU
		{99E69964-BB4A-4830-9C4D-6E1608356EC4}.Debug|Any CPU.Deploy.0 = Debug|Any CPU
		{99E69964-BB4A-4830-9C4D-6E1608356EC4}.Release|Any CPU.ActiveCfg = Release|Any CPU
		{99E69964-BB4A-4830-9C4D-6E1608356EC4}.Release|Any CPU.Build.0 = Release|Any CPU
		{819408C3-1962-4642-9971-51A1BCCE61FF}.Debug|Any CPU.ActiveCfg = Debug|Any CPU
		{819408C3-1962-4642-9971-51A1BCCE61FF}.Debug|Any CPU.Build.0 = Debug|Any CPU
		{819408C3-1962-4642-9971-51A1BCCE61FF}.Release|Any CPU.ActiveCfg = Release|Any CPU
		{819408C3-1962-4642-9971-51A1BCCE61FF}.Release|Any CPU.Build.0 = Release|Any CPU
		{E84F619D-E105-4E1A-BD92-DF22DDAE966F}.Debug|Any CPU.ActiveCfg = Debug|Any CPU
		{E84F619D-E105-4E1A-BD92-DF22DDAE966F}.Debug|Any CPU.Build.0 = Debug|Any CPU
		{E84F619D-E105-4E1A-BD92-DF22DDAE966F}.Release|Any CPU.ActiveCfg = Release|Any CPU
		{E84F619D-E105-4E1A-BD92-DF22DDAE966F}.Release|Any CPU.Build.0 = Release|Any CPU
		{D84C8789-E77F-438A-A0B6-7DB1695B9C17}.Debug|Any CPU.ActiveCfg = Debug|Any CPU
		{D84C8789-E77F-438A-A0B6-7DB1695B9C17}.Debug|Any CPU.Build.0 = Debug|Any CPU
		{D84C8789-E77F-438A-A0B6-7DB1695B9C17}.Release|Any CPU.ActiveCfg = Release|Any CPU
		{D84C8789-E77F-438A-A0B6-7DB1695B9C17}.Release|Any CPU.Build.0 = Release|Any CPU
		{212B26FF-4BBB-489C-B6EF-DDDC0D3ABE6B}.Debug|Any CPU.ActiveCfg = Debug|Any CPU
		{212B26FF-4BBB-489C-B6EF-DDDC0D3ABE6B}.Debug|Any CPU.Build.0 = Debug|Any CPU
		{212B26FF-4BBB-489C-B6EF-DDDC0D3ABE6B}.Release|Any CPU.ActiveCfg = Release|Any CPU
		{212B26FF-4BBB-489C-B6EF-DDDC0D3ABE6B}.Release|Any CPU.Build.0 = Release|Any CPU
		{94807A1E-AC4C-4C56-90D4-9D8889EA2FCA}.Debug|Any CPU.ActiveCfg = Debug|Any CPU
		{94807A1E-AC4C-4C56-90D4-9D8889EA2FCA}.Debug|Any CPU.Build.0 = Debug|Any CPU
		{94807A1E-AC4C-4C56-90D4-9D8889EA2FCA}.Release|Any CPU.ActiveCfg = Release|Any CPU
		{94807A1E-AC4C-4C56-90D4-9D8889EA2FCA}.Release|Any CPU.Build.0 = Release|Any CPU
		{C26C43E3-D518-4E62-9FB5-A537E16AF543}.Debug|Any CPU.ActiveCfg = Debug|Any CPU
		{C26C43E3-D518-4E62-9FB5-A537E16AF543}.Debug|Any CPU.Build.0 = Debug|Any CPU
		{C26C43E3-D518-4E62-9FB5-A537E16AF543}.Release|Any CPU.ActiveCfg = Release|Any CPU
		{C26C43E3-D518-4E62-9FB5-A537E16AF543}.Release|Any CPU.Build.0 = Release|Any CPU
		{53C2E55C-7BF1-477E-B12A-05A3CAD9B39A}.Debug|Any CPU.ActiveCfg = Debug|Any CPU
		{53C2E55C-7BF1-477E-B12A-05A3CAD9B39A}.Debug|Any CPU.Build.0 = Debug|Any CPU
		{53C2E55C-7BF1-477E-B12A-05A3CAD9B39A}.Release|Any CPU.ActiveCfg = Release|Any CPU
		{53C2E55C-7BF1-477E-B12A-05A3CAD9B39A}.Release|Any CPU.Build.0 = Release|Any CPU
		{DB462B58-CFC4-4AEE-920E-AA308F14029C}.Debug|Any CPU.ActiveCfg = Debug|Any CPU
		{DB462B58-CFC4-4AEE-920E-AA308F14029C}.Debug|Any CPU.Build.0 = Debug|Any CPU
		{DB462B58-CFC4-4AEE-920E-AA308F14029C}.Release|Any CPU.ActiveCfg = Release|Any CPU
		{DB462B58-CFC4-4AEE-920E-AA308F14029C}.Release|Any CPU.Build.0 = Release|Any CPU
	EndGlobalSection
	GlobalSection(SolutionProperties) = preSolution
		HideSolutionNode = FALSE
	EndGlobalSection
	GlobalSection(NestedProjects) = preSolution
		{48CAB0F7-CFCC-443B-B71D-E015878CE5B7} = {A3E0CF47-6B1D-41C1-B1A4-B4A92985E05F}
		{40919C7D-5119-4821-9E51-96141E058E04} = {A3E0CF47-6B1D-41C1-B1A4-B4A92985E05F}
		{E94EF665-2394-4C18-82F2-9150D0801CDE} = {40919C7D-5119-4821-9E51-96141E058E04}
		{EAADD301-947A-41AB-8036-BBB6B960C4FF} = {40919C7D-5119-4821-9E51-96141E058E04}
		{E73E776F-8787-40D3-B1EC-D97E29069945} = {40919C7D-5119-4821-9E51-96141E058E04}
		{AA32ADBD-EA7E-4849-AEB2-5BB19844B326} = {40919C7D-5119-4821-9E51-96141E058E04}
		{2C3C6AD3-F329-4A20-BAC6-3F12B9B48F32} = {48CAB0F7-CFCC-443B-B71D-E015878CE5B7}
		{FB5038B6-DF75-4167-8FB7-FDA3E5D9488E} = {48CAB0F7-CFCC-443B-B71D-E015878CE5B7}
		{CF8DE3C8-8B81-4569-8075-AAD80B478B5F} = {48CAB0F7-CFCC-443B-B71D-E015878CE5B7}
		{C2913060-0D92-4094-AEED-5D5DF2646CFD} = {48CAB0F7-CFCC-443B-B71D-E015878CE5B7}
		{33C6B018-24B5-453F-973F-6412331C7921} = {48CAB0F7-CFCC-443B-B71D-E015878CE5B7}
		{1D47C4BD-D2D8-42C4-83F4-282F0DD38CE5} = {BBA6CF1B-6BDA-4363-9641-2E4A4E43D321}
		{47D68FB0-47FE-485D-AE94-00C48643721E} = {BBA6CF1B-6BDA-4363-9641-2E4A4E43D321}
		{73AC16BF-F514-4081-8C74-63C6399260E0} = {BBA6CF1B-6BDA-4363-9641-2E4A4E43D321}
		{7CAA042A-AA21-44BD-A0F8-0E89CD651B33} = {73AC16BF-F514-4081-8C74-63C6399260E0}
		{297AA1C7-6026-46B7-A494-B974E6663F94} = {73AC16BF-F514-4081-8C74-63C6399260E0}
		{346091EA-1E82-4220-9387-C181BF5E1019} = {73AC16BF-F514-4081-8C74-63C6399260E0}
		{693C3DC6-CF30-4942-80EA-EEC8ABB87DD3} = {47D68FB0-47FE-485D-AE94-00C48643721E}
		{213E0A3B-D933-4E81-AFD5-AA2D0B1CC3F8} = {1D47C4BD-D2D8-42C4-83F4-282F0DD38CE5}
		{6C2D8F35-4EFA-4474-9973-FE6B2881E59A} = {1D47C4BD-D2D8-42C4-83F4-282F0DD38CE5}
		{053A3E9E-A3A4-4207-88F3-983E9EA328B2} = {73AC16BF-F514-4081-8C74-63C6399260E0}
		{3D42FAE1-4B4B-4F62-9013-488B0790090B} = {1D47C4BD-D2D8-42C4-83F4-282F0DD38CE5}
		{320C7542-9DD3-499E-ACB9-E7891459E64D} = {1D47C4BD-D2D8-42C4-83F4-282F0DD38CE5}
		{8413A25E-635D-4052-94A8-5CA94686FA4E} = {1D47C4BD-D2D8-42C4-83F4-282F0DD38CE5}
		{D07C3009-6F0F-486D-91E1-0084B4B4FF46} = {47D68FB0-47FE-485D-AE94-00C48643721E}
		{839AFC95-740D-4C44-8F05-254250306841} = {2E97B44B-1A99-41C1-8F25-EED4740A3ED9}
		{79DA8E04-5655-493A-80E4-37A07FBEC90E} = {839AFC95-740D-4C44-8F05-254250306841}
		{57703CEC-08B9-40B8-B5E2-064A196B1587} = {73AC16BF-F514-4081-8C74-63C6399260E0}
		{29F1349F-4415-4725-A562-2DD59F5C14A9} = {1D47C4BD-D2D8-42C4-83F4-282F0DD38CE5}
		{BEA40233-6741-43AE-BA63-8D1ADA261420} = {1D47C4BD-D2D8-42C4-83F4-282F0DD38CE5}
		{8DAF4132-5D66-4B90-953A-5B00F2F75BA4} = {47D68FB0-47FE-485D-AE94-00C48643721E}
		{78416465-E37B-4DB5-B96B-99E45581A0EE} = {73AC16BF-F514-4081-8C74-63C6399260E0}
		{5FB450AC-5E50-46A8-B454-EAD8ACD24FC6} = {1D47C4BD-D2D8-42C4-83F4-282F0DD38CE5}
		{99E69964-BB4A-4830-9C4D-6E1608356EC4} = {8B889747-F089-4150-AC80-FCAE5FA33571}
		{C694124A-399C-4FD6-B795-D9ACE5EBECDC} = {8B889747-F089-4150-AC80-FCAE5FA33571}
		{819408C3-1962-4642-9971-51A1BCCE61FF} = {839AFC95-740D-4C44-8F05-254250306841}
		{E84F619D-E105-4E1A-BD92-DF22DDAE966F} = {1D47C4BD-D2D8-42C4-83F4-282F0DD38CE5}
		{D84C8789-E77F-438A-A0B6-7DB1695B9C17} = {47D68FB0-47FE-485D-AE94-00C48643721E}
		{212B26FF-4BBB-489C-B6EF-DDDC0D3ABE6B} = {40919C7D-5119-4821-9E51-96141E058E04}
		{94807A1E-AC4C-4C56-90D4-9D8889EA2FCA} = {73AC16BF-F514-4081-8C74-63C6399260E0}
		{8620F501-1D36-439E-9BF0-3BBEFB84DC56} = {0A20EC69-1E3C-498F-B989-89CAF316CE06}
		{C26C43E3-D518-4E62-9FB5-A537E16AF543} = {8620F501-1D36-439E-9BF0-3BBEFB84DC56}
		{12002871-163E-49CD-93DE-FBED9F5573E1} = {0A20EC69-1E3C-498F-B989-89CAF316CE06}
		{53C2E55C-7BF1-477E-B12A-05A3CAD9B39A} = {12002871-163E-49CD-93DE-FBED9F5573E1}
		{DB462B58-CFC4-4AEE-920E-AA308F14029C} = {8620F501-1D36-439E-9BF0-3BBEFB84DC56}
	EndGlobalSection
	GlobalSection(ExtensibilityGlobals) = postSolution
		SolutionGuid = {9DC4B901-16FF-4FF2-9ED6-B286EA17048E}
		RESX_AutoCreateNewLanguageFiles = True
		RESX_ConfirmAddLanguageFile = True
	EndGlobalSection
	GlobalSection(SharedMSBuildProjectFiles) = preSolution
		Shared\src\Datahub.Shared\Datahub.Shared.projitems*{57703cec-08b9-40b8-b5e2-064a196b1587}*SharedItemsImports = 5
		Desktop\Desktop.SharedCode\Desktop.SharedCode.projitems*{6c2d8f35-4efa-4474-9973-fe6b2881e59a}*SharedItemsImports = 5
		Shared\src\Datahub.Shared\Datahub.Shared.projitems*{6c2d8f35-4efa-4474-9973-fe6b2881e59a}*SharedItemsImports = 5
		Shared\src\Datahub.Shared\Datahub.Shared.projitems*{79da8e04-5655-493a-80e4-37a07fbec90e}*SharedItemsImports = 13
		Desktop\Desktop.SharedCode\Desktop.SharedCode.projitems*{99e69964-bb4a-4830-9c4d-6e1608356ec4}*SharedItemsImports = 5
		Desktop\Desktop.SharedCode\Desktop.SharedCode.projitems*{c694124a-399c-4fd6-b795-d9ace5ebecdc}*SharedItemsImports = 13
		Shared\src\Datahub.Shared\Datahub.Shared.projitems*{cf8de3c8-8b81-4569-8075-aad80b478b5f}*SharedItemsImports = 5
	EndGlobalSection
EndGlobal
