
Microsoft Visual Studio Solution File, Format Version 12.00
# Visual Studio Version 17
VisualStudioVersion = 17.0.31710.8
MinimumVisualStudioVersion = 10.0.40219.1
Project("{9A19103F-16F7-4668-BE54-9A1E7A4F7556}") = "NRCan.Datahub.Portal", "WebPortal\NRCan.Datahub.Portal.csproj", "{7C55A80E-F420-45A7-A85E-BBF054533EE3}"
EndProject
Project("{9A19103F-16F7-4668-BE54-9A1E7A4F7556}") = "DatahubTest", "DatahubTest\DatahubTest.csproj", "{9437DD2A-0322-47ED-8FA2-96B8B87928CB}"
EndProject
Project("{9A19103F-16F7-4668-BE54-9A1E7A4F7556}") = "Datahub.Core", "Datahub.Core\Datahub.Core.csproj", "{E536F8EC-31D3-4C07-AEB2-C2A8D8634480}"
EndProject
Project("{2150E333-8FDC-42A3-9474-1A3956D46DE8}") = "Solution Items", "Solution Items", "{B6CC5ED1-A990-4AC7-89C7-B0F62FFEEC26}"
	ProjectSection(SolutionItems) = preProject
		nuget.config = nuget.config
	EndProjectSection
EndProject
Project("{2150E333-8FDC-42A3-9474-1A3956D46DE8}") = "Devops", "Devops", "{FA743C91-03DD-4DB2-A88D-73155C6500C6}"
	ProjectSection(SolutionItems) = preProject
		azure-pipelines-1.yml = azure-pipelines-1.yml
		azure-pipelines-2.yml = azure-pipelines-2.yml
		azure-pipelines.yml = azure-pipelines.yml
	EndProjectSection
EndProject
Project("{9A19103F-16F7-4668-BE54-9A1E7A4F7556}") = "FormTests", "FormTests\FormTests.csproj", "{C74EAD65-0161-425B-B121-30C69BED59A3}"
EndProject
Project("{9A19103F-16F7-4668-BE54-9A1E7A4F7556}") = "Datahub.Metadata", "Datahub.Metadata\Datahub.Metadata.csproj", "{11A4651C-6BC9-45E2-847D-025F466B8345}"
EndProject
Project("{9A19103F-16F7-4668-BE54-9A1E7A4F7556}") = "Datahub.Metadata.Tests", "Datahub.Metadata.Tests\Datahub.Metadata.Tests.csproj", "{E54B7DC6-8084-45B0-8FB6-54790D83588B}"
EndProject
Project("{9A19103F-16F7-4668-BE54-9A1E7A4F7556}") = "Datahub.LanguageTraining", "LanguageTraining\Datahub.LanguageTraining.csproj", "{94F1AACD-69F3-4B14-A0B5-9E2676C017C7}"
EndProject
Project("{9A19103F-16F7-4668-BE54-9A1E7A4F7556}") = "SyncDbUsers", "Datahub.Functions\SyncDbUsers.csproj", "{AEB7AF13-E06C-4650-ADBD-5EF1BD5F645B}"
EndProject
Project("{9A19103F-16F7-4668-BE54-9A1E7A4F7556}") = "SyncDBUsersConsole", "Datahub.FunctionConsole\SyncDBUsersConsole.csproj", "{FA17FE2D-2E5E-4992-92E0-A3F7B7E295DE}"
EndProject
Global
	GlobalSection(SolutionConfigurationPlatforms) = preSolution
		Debug|Any CPU = Debug|Any CPU
		Release|Any CPU = Release|Any CPU
	EndGlobalSection
	GlobalSection(ProjectConfigurationPlatforms) = postSolution
		{7C55A80E-F420-45A7-A85E-BBF054533EE3}.Debug|Any CPU.ActiveCfg = Debug|Any CPU
		{7C55A80E-F420-45A7-A85E-BBF054533EE3}.Debug|Any CPU.Build.0 = Debug|Any CPU
		{7C55A80E-F420-45A7-A85E-BBF054533EE3}.Release|Any CPU.ActiveCfg = Release|Any CPU
		{7C55A80E-F420-45A7-A85E-BBF054533EE3}.Release|Any CPU.Build.0 = Release|Any CPU
		{9437DD2A-0322-47ED-8FA2-96B8B87928CB}.Debug|Any CPU.ActiveCfg = Debug|Any CPU
		{9437DD2A-0322-47ED-8FA2-96B8B87928CB}.Debug|Any CPU.Build.0 = Debug|Any CPU
		{9437DD2A-0322-47ED-8FA2-96B8B87928CB}.Release|Any CPU.ActiveCfg = Release|Any CPU
		{9437DD2A-0322-47ED-8FA2-96B8B87928CB}.Release|Any CPU.Build.0 = Release|Any CPU
		{E536F8EC-31D3-4C07-AEB2-C2A8D8634480}.Debug|Any CPU.ActiveCfg = Debug|Any CPU
		{E536F8EC-31D3-4C07-AEB2-C2A8D8634480}.Debug|Any CPU.Build.0 = Debug|Any CPU
		{E536F8EC-31D3-4C07-AEB2-C2A8D8634480}.Release|Any CPU.ActiveCfg = Release|Any CPU
		{E536F8EC-31D3-4C07-AEB2-C2A8D8634480}.Release|Any CPU.Build.0 = Release|Any CPU
		{C74EAD65-0161-425B-B121-30C69BED59A3}.Debug|Any CPU.ActiveCfg = Debug|Any CPU
		{C74EAD65-0161-425B-B121-30C69BED59A3}.Debug|Any CPU.Build.0 = Debug|Any CPU
		{C74EAD65-0161-425B-B121-30C69BED59A3}.Release|Any CPU.ActiveCfg = Release|Any CPU
		{C74EAD65-0161-425B-B121-30C69BED59A3}.Release|Any CPU.Build.0 = Release|Any CPU
		{11A4651C-6BC9-45E2-847D-025F466B8345}.Debug|Any CPU.ActiveCfg = Debug|Any CPU
		{11A4651C-6BC9-45E2-847D-025F466B8345}.Debug|Any CPU.Build.0 = Debug|Any CPU
		{11A4651C-6BC9-45E2-847D-025F466B8345}.Release|Any CPU.ActiveCfg = Release|Any CPU
		{11A4651C-6BC9-45E2-847D-025F466B8345}.Release|Any CPU.Build.0 = Release|Any CPU
		{E54B7DC6-8084-45B0-8FB6-54790D83588B}.Debug|Any CPU.ActiveCfg = Debug|Any CPU
		{E54B7DC6-8084-45B0-8FB6-54790D83588B}.Debug|Any CPU.Build.0 = Debug|Any CPU
		{E54B7DC6-8084-45B0-8FB6-54790D83588B}.Release|Any CPU.ActiveCfg = Release|Any CPU
		{E54B7DC6-8084-45B0-8FB6-54790D83588B}.Release|Any CPU.Build.0 = Release|Any CPU
		{94F1AACD-69F3-4B14-A0B5-9E2676C017C7}.Debug|Any CPU.ActiveCfg = Debug|Any CPU
		{94F1AACD-69F3-4B14-A0B5-9E2676C017C7}.Debug|Any CPU.Build.0 = Debug|Any CPU
		{94F1AACD-69F3-4B14-A0B5-9E2676C017C7}.Release|Any CPU.ActiveCfg = Release|Any CPU
		{94F1AACD-69F3-4B14-A0B5-9E2676C017C7}.Release|Any CPU.Build.0 = Release|Any CPU
		{AEB7AF13-E06C-4650-ADBD-5EF1BD5F645B}.Debug|Any CPU.ActiveCfg = Debug|Any CPU
		{AEB7AF13-E06C-4650-ADBD-5EF1BD5F645B}.Debug|Any CPU.Build.0 = Debug|Any CPU
		{AEB7AF13-E06C-4650-ADBD-5EF1BD5F645B}.Release|Any CPU.ActiveCfg = Release|Any CPU
		{AEB7AF13-E06C-4650-ADBD-5EF1BD5F645B}.Release|Any CPU.Build.0 = Release|Any CPU
		{FA17FE2D-2E5E-4992-92E0-A3F7B7E295DE}.Debug|Any CPU.ActiveCfg = Debug|Any CPU
		{FA17FE2D-2E5E-4992-92E0-A3F7B7E295DE}.Debug|Any CPU.Build.0 = Debug|Any CPU
		{FA17FE2D-2E5E-4992-92E0-A3F7B7E295DE}.Release|Any CPU.ActiveCfg = Release|Any CPU
		{FA17FE2D-2E5E-4992-92E0-A3F7B7E295DE}.Release|Any CPU.Build.0 = Release|Any CPU
	EndGlobalSection
	GlobalSection(SolutionProperties) = preSolution
		HideSolutionNode = FALSE
	EndGlobalSection
	GlobalSection(ExtensibilityGlobals) = postSolution
		SolutionGuid = {9DC4B901-16FF-4FF2-9ED6-B286EA17048E}
		RESX_AutoCreateNewLanguageFiles = True
		RESX_ConfirmAddLanguageFile = True
	EndGlobalSection
EndGlobal
