
Microsoft Visual Studio Solution File, Format Version 12.00
# Visual Studio Version 17
VisualStudioVersion = 17.0.31423.177
MinimumVisualStudioVersion = 10.0.40219.1
Project("{9A19103F-16F7-4668-BE54-9A1E7A4F7556}") = "NRCan.Datahub.Portal", "WebPortal\NRCan.Datahub.Portal.csproj", "{7C55A80E-F420-45A7-A85E-BBF054533EE3}"
EndProject
Project("{9A19103F-16F7-4668-BE54-9A1E7A4F7556}") = "DatahubTest", "DatahubTest\DatahubTest.csproj", "{9437DD2A-0322-47ED-8FA2-96B8B87928CB}"
EndProject
Project("{9A19103F-16F7-4668-BE54-9A1E7A4F7556}") = "Datahub.Shared", "Datahub.Shared\Datahub.Shared.csproj", "{E536F8EC-31D3-4C07-AEB2-C2A8D8634480}"
EndProject
Project("{2150E333-8FDC-42A3-9474-1A3956D46DE8}") = "Solution Items", "Solution Items", "{B6CC5ED1-A990-4AC7-89C7-B0F62FFEEC26}"
	ProjectSection(SolutionItems) = preProject
		nuget.config = nuget.config
	EndProjectSection
EndProject
Project("{2150E333-8FDC-42A3-9474-1A3956D46DE8}") = "Devops", "Devops", "{FA743C91-03DD-4DB2-A88D-73155C6500C6}"
	ProjectSection(SolutionItems) = preProject
		azure-pipelines-1.yml = azure-pipelines-1.yml
		azure-pipelines-2.yml = azure-pipelines-2.yml
		azure-pipelines.yml = azure-pipelines.yml
	EndProjectSection
EndProject
Project("{9A19103F-16F7-4668-BE54-9A1E7A4F7556}") = "FormTests", "FormTests\FormTests.csproj", "{C74EAD65-0161-425B-B121-30C69BED59A3}"
EndProject
Global
	GlobalSection(SolutionConfigurationPlatforms) = preSolution
		Debug|Any CPU = Debug|Any CPU
		Release|Any CPU = Release|Any CPU
	EndGlobalSection
	GlobalSection(ProjectConfigurationPlatforms) = postSolution
		{7C55A80E-F420-45A7-A85E-BBF054533EE3}.Debug|Any CPU.ActiveCfg = Debug|Any CPU
		{7C55A80E-F420-45A7-A85E-BBF054533EE3}.Debug|Any CPU.Build.0 = Debug|Any CPU
		{7C55A80E-F420-45A7-A85E-BBF054533EE3}.Release|Any CPU.ActiveCfg = Release|Any CPU
		{7C55A80E-F420-45A7-A85E-BBF054533EE3}.Release|Any CPU.Build.0 = Release|Any CPU
		{9437DD2A-0322-47ED-8FA2-96B8B87928CB}.Debug|Any CPU.ActiveCfg = Release|Any CPU
		{9437DD2A-0322-47ED-8FA2-96B8B87928CB}.Debug|Any CPU.Build.0 = Release|Any CPU
		{9437DD2A-0322-47ED-8FA2-96B8B87928CB}.Release|Any CPU.ActiveCfg = Release|Any CPU
		{9437DD2A-0322-47ED-8FA2-96B8B87928CB}.Release|Any CPU.Build.0 = Release|Any CPU
		{E536F8EC-31D3-4C07-AEB2-C2A8D8634480}.Debug|Any CPU.ActiveCfg = Debug|Any CPU
		{E536F8EC-31D3-4C07-AEB2-C2A8D8634480}.Debug|Any CPU.Build.0 = Debug|Any CPU
		{E536F8EC-31D3-4C07-AEB2-C2A8D8634480}.Release|Any CPU.ActiveCfg = Release|Any CPU
		{E536F8EC-31D3-4C07-AEB2-C2A8D8634480}.Release|Any CPU.Build.0 = Release|Any CPU
		{C74EAD65-0161-425B-B121-30C69BED59A3}.Debug|Any CPU.ActiveCfg = Debug|Any CPU
		{C74EAD65-0161-425B-B121-30C69BED59A3}.Debug|Any CPU.Build.0 = Debug|Any CPU
		{C74EAD65-0161-425B-B121-30C69BED59A3}.Release|Any CPU.ActiveCfg = Release|Any CPU
		{C74EAD65-0161-425B-B121-30C69BED59A3}.Release|Any CPU.Build.0 = Release|Any CPU
	EndGlobalSection
	GlobalSection(SolutionProperties) = preSolution
		HideSolutionNode = FALSE
	EndGlobalSection
	GlobalSection(ExtensibilityGlobals) = postSolution
		RESX_ConfirmAddLanguageFile = True
		RESX_AutoCreateNewLanguageFiles = True
		SolutionGuid = {9DC4B901-16FF-4FF2-9ED6-B286EA17048E}
	EndGlobalSection
EndGlobal
