
Microsoft Visual Studio Solution File, Format Version 12.00
# Visual Studio Version 17
VisualStudioVersion = 17.4.33205.214
MinimumVisualStudioVersion = 10.0.40219.1
Project("{FAE04EC0-301F-11D3-BF4B-00C04F79EFBC}") = "SyncDocs", "SyncDocs.csproj", "{3B29C009-E2B7-4AD7-887C-543CE2639653}"
EndProject
Global
	GlobalSection(SolutionConfigurationPlatforms) = preSolution
		Debug|Any CPU = Debug|Any CPU
		Release|Any CPU = Release|Any CPU
	EndGlobalSection
	GlobalSection(ProjectConfigurationPlatforms) = postSolution
		{3B29C009-E2B7-4AD7-887C-543CE2639653}.Debug|Any CPU.ActiveCfg = Debug|Any CPU
		{3B29C009-E2B7-4AD7-887C-543CE2639653}.Debug|Any CPU.Build.0 = Debug|Any CPU
		{3B29C009-E2B7-4AD7-887C-543CE2639653}.Release|Any CPU.ActiveCfg = Release|Any CPU
		{3B29C009-E2B7-4AD7-887C-543CE2639653}.Release|Any CPU.Build.0 = Release|Any CPU
	EndGlobalSection
	GlobalSection(SolutionProperties) = preSolution
		HideSolutionNode = FALSE
	EndGlobalSection
	GlobalSection(ExtensibilityGlobals) = postSolution
		SolutionGuid = {A2C98E7B-F141-4980-95A3-11AC156D3B92}
	EndGlobalSection
EndGlobal
